schema: '2.0'
stages:
  filter:
    cmd: python baselines.py --metadata_dir /mnt/efs/dvcx-datacomp-sandbox-small/metadata
      --save_path filter.npy --name clip_score --arch l14 --fraction 0.3
    deps:
    - path: /mnt/efs/dvcx-datacomp-sandbox-small/metadata
      hash: md5
      md5: 7ac49b54aa3ff0b49d3875a8a2c4b4e7.dir
      size: 81707590807
      nfiles: 52
    - path: baselines.py
      hash: md5
      md5: 6977d713479d33e3467a2f031716ac79
      size: 5620
    outs:
    - path: filter.npy
      hash: md5
      md5: ed94deaa778e925dd67d0e61d2df3ac7
      size: 61551728
  reshard:
    cmd:
    - mkdir -p /mnt/efs/subset/shards
    - python resharder.py -i /mnt/efs/dvcx-datacomp-sandbox-small/shards -o /mnt/efs/subset/shards
      -s filter.npy
    deps:
    - path: /mnt/efs/dvcx-datacomp-sandbox-small/shards
      hash: md5
      md5: 13962d1e7fa97d6e21453bcf1adb7c54.dir
      size: 445535060163
      nfiles: 3863
    - path: filter.npy
      hash: md5
      md5: ed94deaa778e925dd67d0e61d2df3ac7
      size: 61551728
    - path: resharder.py
      hash: md5
      md5: d237a5fa5720478aa5ddab24f640e26f
      size: 36484
    outs:
    - path: /mnt/efs/subset/shards
      hash: md5
      md5: 7e13dd0722790154eb2cbdd2058be920.dir
      size: 140615533220
      nfiles: 694
  train:
    cmd: sbatch --wait --nodes 8 --ntasks-per-node 1 --cpus-per-task 1 --constraint
      g4dn.xlarge slurm_train.sh /mnt/efs/subset/shards train
    deps:
    - path: /mnt/efs/subset/shards
      hash: md5
      md5: 7e13dd0722790154eb2cbdd2058be920.dir
      size: 140615533220
      nfiles: 694
    - path: slurm_train.sh
      hash: md5
      md5: add34d3b781ce34c3baca8d395693da1
      size: 1405
    - path: train.py
      hash: md5
      md5: 27470ea75a5a51f50fcf68576bfaf45e
      size: 10438
    outs:
    - path: train
      hash: md5
      md5: 193dc1767822d914c6bcef904f46f5ef.dir
      size: 3631372646
      nfiles: 5
  eval:
    cmd: sbatch --wait --nodes 1 --ntasks 1 --cpus-per-task 4 --gpus 1 --constraint
      g4dn.xlarge slurm_evaluate.sh train /mnt/efs/eval_dataset eval
    deps:
    - path: /mnt/efs/eval_dataset
      hash: md5
      md5: cf80882eebc1f9a2d78435bd91ed64ac.dir
      size: 140744631536
      nfiles: 14370
    - path: evaluate.py
      hash: md5
      md5: 1203adabe0508e98d73d6b7c0b8a031c
      size: 15584
    - path: slurm_evaluate.sh
      hash: md5
      md5: 0c11bc89e45baf19c6e13e8bfd57d2e1
      size: 479
    - path: train
      hash: md5
      md5: 193dc1767822d914c6bcef904f46f5ef.dir
      size: 3631372646
      nfiles: 5
    outs:
    - path: eval/eval_results.json
      hash: md5
      md5: 4fe544b576a075a6a67b5353fdfbb833
      size: 15768
    - path: eval/eval_results.jsonl
      hash: md5
      md5: 55d103ec4ff02b683e8399d30ceeb1ba
      size: 16856
